
Microsoft Visual Studio Solution File, Format Version 12.00
# Visual Studio Version 17
VisualStudioVersion = 17.13.35825.156
MinimumVisualStudioVersion = 10.0.40219.1
Project("{FAE04EC0-301F-11D3-BF4B-00C04F79EFBC}") = "FanesiVergariMVC", "FanesiVergariMVC\FanesiVergariMVC.csproj", "{73D0F2CE-7AAF-4052-BBCE-99C06AC0E162}"
EndProject
Project("{FAE04EC0-301F-11D3-BF4B-00C04F79EFBC}") = "Soap_FanesiVergari", "Soap_FanesiVergari\Soap_FanesiVergari.csproj", "{83254BDD-24BD-4CD3-AD94-9FBCDB846141}"
EndProject
Project("{FAE04EC0-301F-11D3-BF4B-00C04F79EFBC}") = "FanesiVergari.Modelli", "FanesiVergari.Modelli\FanesiVergari.Modelli.csproj", "{07B25494-8802-4DA8-8593-E759F3A747C8}"
EndProject
Project("{2150E333-8FDC-42A3-9474-1A3956D46DE8}") = "Elementi di soluzione", "Elementi di soluzione", "{9DF70304-0A22-CE1E-AA12-D5904EE55694}"
	ProjectSection(SolutionItems) = preProject
		.gitignore = .gitignore
	EndProjectSection
EndProject
Project("{FAE04EC0-301F-11D3-BF4B-00C04F79EFBC}") = "Rest_Fanesi", "Rest_Fanesi\Rest_Fanesi.csproj", "{F9A5FC0B-4E21-4410-A74D-8BDF20288D58}"
EndProject
Global
	GlobalSection(SolutionConfigurationPlatforms) = preSolution
		Debug|Any CPU = Debug|Any CPU
		Release|Any CPU = Release|Any CPU
	EndGlobalSection
	GlobalSection(ProjectConfigurationPlatforms) = postSolution
		{73D0F2CE-7AAF-4052-BBCE-99C06AC0E162}.Debug|Any CPU.ActiveCfg = Debug|Any CPU
		{73D0F2CE-7AAF-4052-BBCE-99C06AC0E162}.Debug|Any CPU.Build.0 = Debug|Any CPU
		{73D0F2CE-7AAF-4052-BBCE-99C06AC0E162}.Release|Any CPU.ActiveCfg = Release|Any CPU
		{73D0F2CE-7AAF-4052-BBCE-99C06AC0E162}.Release|Any CPU.Build.0 = Release|Any CPU
		{83254BDD-24BD-4CD3-AD94-9FBCDB846141}.Debug|Any CPU.ActiveCfg = Debug|Any CPU
		{83254BDD-24BD-4CD3-AD94-9FBCDB846141}.Debug|Any CPU.Build.0 = Debug|Any CPU
		{83254BDD-24BD-4CD3-AD94-9FBCDB846141}.Release|Any CPU.ActiveCfg = Release|Any CPU
		{83254BDD-24BD-4CD3-AD94-9FBCDB846141}.Release|Any CPU.Build.0 = Release|Any CPU
		{07B25494-8802-4DA8-8593-E759F3A747C8}.Debug|Any CPU.ActiveCfg = Debug|Any CPU
		{07B25494-8802-4DA8-8593-E759F3A747C8}.Debug|Any CPU.Build.0 = Debug|Any CPU
		{07B25494-8802-4DA8-8593-E759F3A747C8}.Release|Any CPU.ActiveCfg = Release|Any CPU
		{07B25494-8802-4DA8-8593-E759F3A747C8}.Release|Any CPU.Build.0 = Release|Any CPU
		{F9A5FC0B-4E21-4410-A74D-8BDF20288D58}.Debug|Any CPU.ActiveCfg = Debug|Any CPU
		{F9A5FC0B-4E21-4410-A74D-8BDF20288D58}.Debug|Any CPU.Build.0 = Debug|Any CPU
		{F9A5FC0B-4E21-4410-A74D-8BDF20288D58}.Release|Any CPU.ActiveCfg = Release|Any CPU
		{F9A5FC0B-4E21-4410-A74D-8BDF20288D58}.Release|Any CPU.Build.0 = Release|Any CPU
	EndGlobalSection
	GlobalSection(SolutionProperties) = preSolution
		HideSolutionNode = FALSE
	EndGlobalSection
	GlobalSection(ExtensibilityGlobals) = postSolution
		SolutionGuid = {9125F84C-7EA6-4E7E-8F63-2389C2AE3835}
	EndGlobalSection
EndGlobal
