
Microsoft Visual Studio Solution File, Format Version 12.00
# Visual Studio Version 17
VisualStudioVersion = 17.13.35825.156 d17.13
MinimumVisualStudioVersion = 10.0.40219.1
Project("{FAE04EC0-301F-11D3-BF4B-00C04F79EFBC}") = "FanesiVergariMVC", "FanesiVergariMVC\FanesiVergariMVC.csproj", "{73D0F2CE-7AAF-4052-BBCE-99C06AC0E162}"
EndProject
Global
	GlobalSection(SolutionConfigurationPlatforms) = preSolution
		Debug|Any CPU = Debug|Any CPU
		Release|Any CPU = Release|Any CPU
	EndGlobalSection
	GlobalSection(ProjectConfigurationPlatforms) = postSolution
		{73D0F2CE-7AAF-4052-BBCE-99C06AC0E162}.Debug|Any CPU.ActiveCfg = Debug|Any CPU
		{73D0F2CE-7AAF-4052-BBCE-99C06AC0E162}.Debug|Any CPU.Build.0 = Debug|Any CPU
		{73D0F2CE-7AAF-4052-BBCE-99C06AC0E162}.Release|Any CPU.ActiveCfg = Release|Any CPU
		{73D0F2CE-7AAF-4052-BBCE-99C06AC0E162}.Release|Any CPU.Build.0 = Release|Any CPU
	EndGlobalSection
	GlobalSection(SolutionProperties) = preSolution
		HideSolutionNode = FALSE
	EndGlobalSection
	GlobalSection(ExtensibilityGlobals) = postSolution
		SolutionGuid = {9125F84C-7EA6-4E7E-8F63-2389C2AE3835}
	EndGlobalSection
EndGlobal
